
Microsoft Visual Studio Solution File, Format Version 12.00
# Visual Studio Version 16
VisualStudioVersion = 16.0.30717.126
MinimumVisualStudioVersion = 10.0.40219.1
Project("{FAE04EC0-301F-11D3-BF4B-00C04F79EFBC}") = "ProgrammingCompetitionGame", "ProgrammingCompetitionGame\ProgrammingCompetitionGame.csproj", "{D6345605-8D70-4181-9D49-AB405BE0DDCD}"
EndProject
Global
	GlobalSection(SolutionConfigurationPlatforms) = preSolution
		Debug|Any CPU = Debug|Any CPU
		Release|Any CPU = Release|Any CPU
	EndGlobalSection
	GlobalSection(ProjectConfigurationPlatforms) = postSolution
		{D6345605-8D70-4181-9D49-AB405BE0DDCD}.Debug|Any CPU.ActiveCfg = Debug|Any CPU
		{D6345605-8D70-4181-9D49-AB405BE0DDCD}.Debug|Any CPU.Build.0 = Debug|Any CPU
		{D6345605-8D70-4181-9D49-AB405BE0DDCD}.Release|Any CPU.ActiveCfg = Release|Any CPU
		{D6345605-8D70-4181-9D49-AB405BE0DDCD}.Release|Any CPU.Build.0 = Release|Any CPU
	EndGlobalSection
	GlobalSection(SolutionProperties) = preSolution
		HideSolutionNode = FALSE
	EndGlobalSection
	GlobalSection(ExtensibilityGlobals) = postSolution
		SolutionGuid = {14DD06CB-90F7-41AA-8FE9-F5276A15E3CD}
	EndGlobalSection
EndGlobal
